
Microsoft Visual Studio Solution File, Format Version 12.00
# Visual Studio Version 16
VisualStudioVersion = 16.0.31515.178
MinimumVisualStudioVersion = 10.0.40219.1
Project("{FAE04EC0-301F-11D3-BF4B-00C04F79EFBC}") = "Laboratorio1", "Laboratorio1\Laboratorio1.csproj", "{51C080C8-9EC3-48E6-BE24-6CE05ED539AB}"
EndProject
Global
	GlobalSection(SolutionConfigurationPlatforms) = preSolution
		Debug|Any CPU = Debug|Any CPU
		Release|Any CPU = Release|Any CPU
	EndGlobalSection
	GlobalSection(ProjectConfigurationPlatforms) = postSolution
		{51C080C8-9EC3-48E6-BE24-6CE05ED539AB}.Debug|Any CPU.ActiveCfg = Debug|Any CPU
		{51C080C8-9EC3-48E6-BE24-6CE05ED539AB}.Debug|Any CPU.Build.0 = Debug|Any CPU
		{51C080C8-9EC3-48E6-BE24-6CE05ED539AB}.Release|Any CPU.ActiveCfg = Release|Any CPU
		{51C080C8-9EC3-48E6-BE24-6CE05ED539AB}.Release|Any CPU.Build.0 = Release|Any CPU
	EndGlobalSection
	GlobalSection(SolutionProperties) = preSolution
		HideSolutionNode = FALSE
	EndGlobalSection
	GlobalSection(ExtensibilityGlobals) = postSolution
		SolutionGuid = {61D4E368-82E7-4A17-8496-47198031AAC3}
	EndGlobalSection
EndGlobal
